
Microsoft Visual Studio Solution File, Format Version 12.00
# Visual Studio Version 17
VisualStudioVersion = 17.9.34616.47
MinimumVisualStudioVersion = 10.0.40219.1
Project("{9A19103F-16F7-4668-BE54-9A1E7A4F7556}") = "MAUICrudApp", "MAUICrudApp\MAUICrudApp.csproj", "{98ABF8F5-E315-405B-8476-F96A0710716B}"
EndProject
Project("{FAE04EC0-301F-11D3-BF4B-00C04F79EFBC}") = "MAUICrudUnitTest", "MAUICrudUnitTest\MAUICrudUnitTest.csproj", "{760C3493-425C-48B1-A025-B27108BB45C0}"
EndProject
Global
	GlobalSection(SolutionConfigurationPlatforms) = preSolution
		Debug|Any CPU = Debug|Any CPU
		Release|Any CPU = Release|Any CPU
	EndGlobalSection
	GlobalSection(ProjectConfigurationPlatforms) = postSolution
		{98ABF8F5-E315-405B-8476-F96A0710716B}.Debug|Any CPU.ActiveCfg = Debug|Any CPU
		{98ABF8F5-E315-405B-8476-F96A0710716B}.Debug|Any CPU.Build.0 = Debug|Any CPU
		{98ABF8F5-E315-405B-8476-F96A0710716B}.Debug|Any CPU.Deploy.0 = Debug|Any CPU
		{98ABF8F5-E315-405B-8476-F96A0710716B}.Release|Any CPU.ActiveCfg = Release|Any CPU
		{98ABF8F5-E315-405B-8476-F96A0710716B}.Release|Any CPU.Build.0 = Release|Any CPU
		{98ABF8F5-E315-405B-8476-F96A0710716B}.Release|Any CPU.Deploy.0 = Release|Any CPU
		{760C3493-425C-48B1-A025-B27108BB45C0}.Debug|Any CPU.ActiveCfg = Debug|Any CPU
		{760C3493-425C-48B1-A025-B27108BB45C0}.Debug|Any CPU.Build.0 = Debug|Any CPU
		{760C3493-425C-48B1-A025-B27108BB45C0}.Release|Any CPU.ActiveCfg = Release|Any CPU
		{760C3493-425C-48B1-A025-B27108BB45C0}.Release|Any CPU.Build.0 = Release|Any CPU
	EndGlobalSection
	GlobalSection(SolutionProperties) = preSolution
		HideSolutionNode = FALSE
	EndGlobalSection
	GlobalSection(ExtensibilityGlobals) = postSolution
		SolutionGuid = {1991EE47-2C47-4D1B-80EE-49282ABFCE07}
	EndGlobalSection
EndGlobal
